
Microsoft Visual Studio Solution File, Format Version 12.00
# Visual Studio Version 16
VisualStudioVersion = 16.0.29201.188
MinimumVisualStudioVersion = 10.0.40219.1
Project("{FAE04EC0-301F-11D3-BF4B-00C04F79EFBC}") = "Lab17", "Lab17.csproj", "{77502FA7-F6A2-4196-A8A0-3E4738ED2649}"
EndProject
Global
	GlobalSection(SolutionConfigurationPlatforms) = preSolution
		Debug|Any CPU = Debug|Any CPU
		Release|Any CPU = Release|Any CPU
	EndGlobalSection
	GlobalSection(ProjectConfigurationPlatforms) = postSolution
		{77502FA7-F6A2-4196-A8A0-3E4738ED2649}.Debug|Any CPU.ActiveCfg = Debug|Any CPU
		{77502FA7-F6A2-4196-A8A0-3E4738ED2649}.Debug|Any CPU.Build.0 = Debug|Any CPU
		{77502FA7-F6A2-4196-A8A0-3E4738ED2649}.Release|Any CPU.ActiveCfg = Release|Any CPU
		{77502FA7-F6A2-4196-A8A0-3E4738ED2649}.Release|Any CPU.Build.0 = Release|Any CPU
	EndGlobalSection
	GlobalSection(SolutionProperties) = preSolution
		HideSolutionNode = FALSE
	EndGlobalSection
	GlobalSection(ExtensibilityGlobals) = postSolution
		SolutionGuid = {49C513E6-D6D0-4571-A74A-772FA069E113}
	EndGlobalSection
EndGlobal
