
Microsoft Visual Studio Solution File, Format Version 12.00
# Visual Studio Version 16
VisualStudioVersion = 16.0.30611.23
MinimumVisualStudioVersion = 10.0.40219.1
Project("{FAE04EC0-301F-11D3-BF4B-00C04F79EFBC}") = "Lab11", "Lab11.csproj", "{4CA16CB0-69FF-4ADE-95AA-FAF75CB95027}"
EndProject
Global
	GlobalSection(SolutionConfigurationPlatforms) = preSolution
		Debug|Any CPU = Debug|Any CPU
		Release|Any CPU = Release|Any CPU
	EndGlobalSection
	GlobalSection(ProjectConfigurationPlatforms) = postSolution
		{4CA16CB0-69FF-4ADE-95AA-FAF75CB95027}.Debug|Any CPU.ActiveCfg = Debug|Any CPU
		{4CA16CB0-69FF-4ADE-95AA-FAF75CB95027}.Debug|Any CPU.Build.0 = Debug|Any CPU
		{4CA16CB0-69FF-4ADE-95AA-FAF75CB95027}.Release|Any CPU.ActiveCfg = Release|Any CPU
		{4CA16CB0-69FF-4ADE-95AA-FAF75CB95027}.Release|Any CPU.Build.0 = Release|Any CPU
	EndGlobalSection
	GlobalSection(SolutionProperties) = preSolution
		HideSolutionNode = FALSE
	EndGlobalSection
	GlobalSection(ExtensibilityGlobals) = postSolution
		SolutionGuid = {1F0B6034-6264-4FD0-B6A6-3D85237CE664}
	EndGlobalSection
EndGlobal
