
Microsoft Visual Studio Solution File, Format Version 12.00
# Visual Studio Version 16
VisualStudioVersion = 16.0.30611.23
MinimumVisualStudioVersion = 10.0.40219.1
Project("{FAE04EC0-301F-11D3-BF4B-00C04F79EFBC}") = "Lab9", "Lab9.csproj", "{F29C48C0-C3DE-4D63-8D72-D07FD58F58C4}"
EndProject
Global
	GlobalSection(SolutionConfigurationPlatforms) = preSolution
		Debug|Any CPU = Debug|Any CPU
		Release|Any CPU = Release|Any CPU
	EndGlobalSection
	GlobalSection(ProjectConfigurationPlatforms) = postSolution
		{F29C48C0-C3DE-4D63-8D72-D07FD58F58C4}.Debug|Any CPU.ActiveCfg = Debug|Any CPU
		{F29C48C0-C3DE-4D63-8D72-D07FD58F58C4}.Debug|Any CPU.Build.0 = Debug|Any CPU
		{F29C48C0-C3DE-4D63-8D72-D07FD58F58C4}.Release|Any CPU.ActiveCfg = Release|Any CPU
		{F29C48C0-C3DE-4D63-8D72-D07FD58F58C4}.Release|Any CPU.Build.0 = Release|Any CPU
	EndGlobalSection
	GlobalSection(SolutionProperties) = preSolution
		HideSolutionNode = FALSE
	EndGlobalSection
	GlobalSection(ExtensibilityGlobals) = postSolution
		SolutionGuid = {9336BB03-95B0-4516-89F7-3C464235915A}
	EndGlobalSection
EndGlobal
