
Microsoft Visual Studio Solution File, Format Version 12.00
# Visual Studio Version 16
VisualStudioVersion = 16.0.30611.23
MinimumVisualStudioVersion = 10.0.40219.1
Project("{FAE04EC0-301F-11D3-BF4B-00C04F79EFBC}") = "Lab4", "Lab4.csproj", "{69FF9592-BAEE-4038-A869-E089F9C94A75}"
EndProject
Global
	GlobalSection(SolutionConfigurationPlatforms) = preSolution
		Debug|Any CPU = Debug|Any CPU
		Release|Any CPU = Release|Any CPU
	EndGlobalSection
	GlobalSection(ProjectConfigurationPlatforms) = postSolution
		{69FF9592-BAEE-4038-A869-E089F9C94A75}.Debug|Any CPU.ActiveCfg = Debug|Any CPU
		{69FF9592-BAEE-4038-A869-E089F9C94A75}.Debug|Any CPU.Build.0 = Debug|Any CPU
		{69FF9592-BAEE-4038-A869-E089F9C94A75}.Release|Any CPU.ActiveCfg = Release|Any CPU
		{69FF9592-BAEE-4038-A869-E089F9C94A75}.Release|Any CPU.Build.0 = Release|Any CPU
	EndGlobalSection
	GlobalSection(SolutionProperties) = preSolution
		HideSolutionNode = FALSE
	EndGlobalSection
	GlobalSection(ExtensibilityGlobals) = postSolution
		SolutionGuid = {04AC844A-B88D-461F-9B61-1F0A41FEBFA1}
	EndGlobalSection
EndGlobal
