
Microsoft Visual Studio Solution File, Format Version 12.00
# Visual Studio Version 16
VisualStudioVersion = 16.0.30611.23
MinimumVisualStudioVersion = 10.0.40219.1
Project("{FAE04EC0-301F-11D3-BF4B-00C04F79EFBC}") = "Lab5", "Lab5.csproj", "{DF961805-5D06-4E3B-A257-979674A20079}"
EndProject
Global
	GlobalSection(SolutionConfigurationPlatforms) = preSolution
		Debug|Any CPU = Debug|Any CPU
		Release|Any CPU = Release|Any CPU
	EndGlobalSection
	GlobalSection(ProjectConfigurationPlatforms) = postSolution
		{DF961805-5D06-4E3B-A257-979674A20079}.Debug|Any CPU.ActiveCfg = Debug|Any CPU
		{DF961805-5D06-4E3B-A257-979674A20079}.Debug|Any CPU.Build.0 = Debug|Any CPU
		{DF961805-5D06-4E3B-A257-979674A20079}.Release|Any CPU.ActiveCfg = Release|Any CPU
		{DF961805-5D06-4E3B-A257-979674A20079}.Release|Any CPU.Build.0 = Release|Any CPU
	EndGlobalSection
	GlobalSection(SolutionProperties) = preSolution
		HideSolutionNode = FALSE
	EndGlobalSection
	GlobalSection(ExtensibilityGlobals) = postSolution
		SolutionGuid = {6922DFFC-54DE-4AD5-B64B-DC520511A181}
	EndGlobalSection
EndGlobal
